// !$*UTF8*$!
{
	archiveVersion = 1;
	classes = {
	};
	objectVersion = 46;
	objects = {

/* Begin PBXBuildFile section */
		C249CFC11B380B030055447A /* main.m in Sources */ = {isa = PBXBuildFile; fileRef = C249CFC01B380B030055447A /* main.m */; };
		C249CFC41B380B030055447A /* AppDelegate.m in Sources */ = {isa = PBXBuildFile; fileRef = C249CFC31B380B030055447A /* AppDelegate.m */; };
		C249CFC61B380B030055447A /* Images.xcassets in Resources */ = {isa = PBXBuildFile; fileRef = C249CFC51B380B030055447A /* Images.xcassets */; };
		C249CFC91B380B030055447A /* LaunchScreen.xib in Resources */ = {isa = PBXBuildFile; fileRef = C249CFC71B380B030055447A /* LaunchScreen.xib */; };
		C249CFD51B380B030055447A /* WebView______Tests.m in Sources */ = {isa = PBXBuildFile; fileRef = C249CFD41B380B030055447A /* WebView______Tests.m */; };
		C249CFE01B380B290055447A /* RootVC.m in Sources */ = {isa = PBXBuildFile; fileRef = C249CFDF1B380B290055447A /* RootVC.m */; };
/* End PBXBuildFile section */

/* Begin PBXContainerItemProxy section */
		C249CFCF1B380B030055447A /* PBXContainerItemProxy */ = {
			isa = PBXContainerItemProxy;
			containerPortal = C249CFB31B380B020055447A /* Project object */;
			proxyType = 1;
			remoteGlobalIDString = C249CFBA1B380B020055447A;
			remoteInfo = "WebView和网页的交互";
		};
/* End PBXContainerItemProxy section */

/* Begin PBXFileReference section */
		C249CFBB1B380B020055447A /* WebView和网页的交互.app */ = {isa = PBXFileReference; explicitFileType = wrapper.application; includeInIndex = 0; path = "WebView和网页的交互.app"; sourceTree = BUILT_PRODUCTS_DIR; };
		C249CFBF1B380B030055447A /* Info.plist */ = {isa = PBXFileReference; lastKnownFileType = text.plist.xml; path = Info.plist; sourceTree = "<group>"; };
		C249CFC01B380B030055447A /* main.m */ = {isa = PBXFileReference; lastKnownFileType = sourcecode.c.objc; path = main.m; sourceTree = "<group>"; };
		C249CFC21B380B030055447A /* AppDelegate.h */ = {isa = PBXFileReference; lastKnownFileType = sourcecode.c.h; path = AppDelegate.h; sourceTree = "<group>"; };
		C249CFC31B380B030055447A /* AppDelegate.m */ = {isa = PBXFileReference; lastKnownFileType = sourcecode.c.objc; path = AppDelegate.m; sourceTree = "<group>"; };
		C249CFC51B380B030055447A /* Images.xcassets */ = {isa = PBXFileReference; lastKnownFileType = folder.assetcatalog; path = Images.xcassets; sourceTree = "<group>"; };
		C249CFC81B380B030055447A /* Base */ = {isa = PBXFileReference; lastKnownFileType = file.xib; name = Base; path = Base.lproj/LaunchScreen.xib; sourceTree = "<group>"; };
		C249CFCE1B380B030055447A /* WebView和网页的交互Tests.xctest */ = {isa = PBXFileReference; explicitFileType = wrapper.cfbundle; includeInIndex = 0; path = "WebView和网页的交互Tests.xctest"; sourceTree = BUILT_PRODUCTS_DIR; };
		C249CFD31B380B030055447A /* Info.plist */ = {isa = PBXFileReference; lastKnownFileType = text.plist.xml; path = Info.plist; sourceTree = "<group>"; };
		C249CFD41B380B030055447A /* WebView______Tests.m */ = {isa = PBXFileReference; lastKnownFileType = sourcecode.c.objc; path = "WebView______Tests.m"; sourceTree = "<group>"; };
		C249CFDE1B380B290055447A /* RootVC.h */ = {isa = PBXFileReference; fileEncoding = 4; lastKnownFileType = sourcecode.c.h; path = RootVC.h; sourceTree = "<group>"; };
		C249CFDF1B380B290055447A /* RootVC.m */ = {isa = PBXFileReference; fileEncoding = 4; lastKnownFileType = sourcecode.c.objc; path = RootVC.m; sourceTree = "<group>"; };
/* End PBXFileReference section */

/* Begin PBXFrameworksBuildPhase section */
		C249CFB81B380B020055447A /* Frameworks */ = {
			isa = PBXFrameworksBuildPhase;
			buildActionMask = 2147483647;
			files = (
			);
			runOnlyForDeploymentPostprocessing = 0;
		};
		C249CFCB1B380B030055447A /* Frameworks */ = {
			isa = PBXFrameworksBuildPhase;
			buildActionMask = 2147483647;
			files = (
			);
			runOnlyForDeploymentPostprocessing = 0;
		};
/* End PBXFrameworksBuildPhase section */

/* Begin PBXGroup section */
		C249CFB21B380B020055447A = {
			isa = PBXGroup;
			children = (
				C249CFBD1B380B020055447A /* WebView和网页的交互 */,
				C249CFD11B380B030055447A /* WebView和网页的交互Tests */,
				C249CFBC1B380B020055447A /* Products */,
			);
			sourceTree = "<group>";
		};
		C249CFBC1B380B020055447A /* Products */ = {
			isa = PBXGroup;
			children = (
				C249CFBB1B380B020055447A /* WebView和网页的交互.app */,
				C249CFCE1B380B030055447A /* WebView和网页的交互Tests.xctest */,
			);
			name = Products;
			sourceTree = "<group>";
		};
		C249CFBD1B380B020055447A /* WebView和网页的交互 */ = {
			isa = PBXGroup;
			children = (
				C249CFC21B380B030055447A /* AppDelegate.h */,
				C249CFC31B380B030055447A /* AppDelegate.m */,
				C249CFDE1B380B290055447A /* RootVC.h */,
				C249CFDF1B380B290055447A /* RootVC.m */,
				C249CFC71B380B030055447A /* LaunchScreen.xib */,
				C249CFBE1B380B030055447A /* Supporting Files */,
			);
			path = "WebView和网页的交互";
			sourceTree = "<group>";
		};
		C249CFBE1B380B030055447A /* Supporting Files */ = {
			isa = PBXGroup;
			children = (
				C249CFC51B380B030055447A /* Images.xcassets */,
				C249CFBF1B380B030055447A /* Info.plist */,
				C249CFC01B380B030055447A /* main.m */,
			);
			name = "Supporting Files";
			sourceTree = "<group>";
		};
		C249CFD11B380B030055447A /* WebView和网页的交互Tests */ = {
			isa = PBXGroup;
			children = (
				C249CFD41B380B030055447A /* WebView______Tests.m */,
				C249CFD21B380B030055447A /* Supporting Files */,
			);
			path = "WebView和网页的交互Tests";
			sourceTree = "<group>";
		};
		C249CFD21B380B030055447A /* Supporting Files */ = {
			isa = PBXGroup;
			children = (
				C249CFD31B380B030055447A /* Info.plist */,
			);
			name = "Supporting Files";
			sourceTree = "<group>";
		};
/* End PBXGroup section */

/* Begin PBXNativeTarget section */
		C249CFBA1B380B020055447A /* WebView和网页的交互 */ = {
			isa = PBXNativeTarget;
			buildConfigurationList = C249CFD81B380B030055447A /* Build configuration list for PBXNativeTarget "WebView和网页的交互" */;
			buildPhases = (
				C249CFB71B380B020055447A /* Sources */,
				C249CFB81B380B020055447A /* Frameworks */,
				C249CFB91B380B020055447A /* Resources */,
			);
			buildRules = (
			);
			dependencies = (
			);
			name = "WebView和网页的交互";
			productName = "WebView和网页的交互";
			productReference = C249CFBB1B380B020055447A /* WebView和网页的交互.app */;
			productType = "com.apple.product-type.application";
		};
		C249CFCD1B380B030055447A /* WebView和网页的交互Tests */ = {
			isa = PBXNativeTarget;
			buildConfigurationList = C249CFDB1B380B030055447A /* Build configuration list for PBXNativeTarget "WebView和网页的交互Tests" */;
			buildPhases = (
				C249CFCA1B380B030055447A /* Sources */,
				C249CFCB1B380B030055447A /* Frameworks */,
				C249CFCC1B380B030055447A /* Resources */,
			);
			buildRules = (
			);
			dependencies = (
				C249CFD01B380B030055447A /* PBXTargetDependency */,
			);
			name = "WebView和网页的交互Tests";
			productName = "WebView和网页的交互Tests";
			productReference = C249CFCE1B380B030055447A /* WebView和网页的交互Tests.xctest */;
			productType = "com.apple.product-type.bundle.unit-test";
		};
/* End PBXNativeTarget section */

/* Begin PBXProject section */
		C249CFB31B380B020055447A /* Project object */ = {
			isa = PBXProject;
			attributes = {
				LastUpgradeCheck = 0630;
				ORGANIZATIONNAME = fengjie;
				TargetAttributes = {
					C249CFBA1B380B020055447A = {
						CreatedOnToolsVersion = 6.3.2;
					};
					C249CFCD1B380B030055447A = {
						CreatedOnToolsVersion = 6.3.2;
						TestTargetID = C249CFBA1B380B020055447A;
					};
				};
			};
			buildConfigurationList = C249CFB61B380B020055447A /* Build configuration list for PBXProject "WebView和网页的交互" */;
			compatibilityVersion = "Xcode 3.2";
			developmentRegion = English;
			hasScannedForEncodings = 0;
			knownRegions = (
				en,
				Base,
			);
			mainGroup = C249CFB21B380B020055447A;
			productRefGroup = C249CFBC1B380B020055447A /* Products */;
			projectDirPath = "";
			projectRoot = "";
			targets = (
				C249CFBA1B380B020055447A /* WebView和网页的交互 */,
				C249CFCD1B380B030055447A /* WebView和网页的交互Tests */,
			);
		};
/* End PBXProject section */

/* Begin PBXResourcesBuildPhase section */
		C249CFB91B380B020055447A /* Resources */ = {
			isa = PBXResourcesBuildPhase;
			buildActionMask = 2147483647;
			files = (
				C249CFC91B380B030055447A /* LaunchScreen.xib in Resources */,
				C249CFC61B380B030055447A /* Images.xcassets in Resources */,
			);
			runOnlyForDeploymentPostprocessing = 0;
		};
		C249CFCC1B380B030055447A /* Resources */ = {
			isa = PBXResourcesBuildPhase;
			buildActionMask = 2147483647;
			files = (
			);
			runOnlyForDeploymentPostprocessing = 0;
		};
/* End PBXResourcesBuildPhase section */

/* Begin PBXSourcesBuildPhase section */
		C249CFB71B380B020055447A /* Sources */ = {
			isa = PBXSourcesBuildPhase;
			buildActionMask = 2147483647;
			files = (
				C249CFE01B380B290055447A /* RootVC.m in Sources */,
				C249CFC41B380B030055447A /* AppDelegate.m in Sources */,
				C249CFC11B380B030055447A /* main.m in Sources */,
			);
			runOnlyForDeploymentPostprocessing = 0;
		};
		C249CFCA1B380B030055447A /* Sources */ = {
			isa = PBXSourcesBuildPhase;
			buildActionMask = 2147483647;
			files = (
				C249CFD51B380B030055447A /* WebView______Tests.m in Sources */,
			);
			runOnlyForDeploymentPostprocessing = 0;
		};
/* End PBXSourcesBuildPhase section */

/* Begin PBXTargetDependency section */
		C249CFD01B380B030055447A /* PBXTargetDependency */ = {
			isa = PBXTargetDependency;
			target = C249CFBA1B380B020055447A /* WebView和网页的交互 */;
			targetProxy = C249CFCF1B380B030055447A /* PBXContainerItemProxy */;
		};
/* End PBXTargetDependency section */

/* Begin PBXVariantGroup section */
		C249CFC71B380B030055447A /* LaunchScreen.xib */ = {
			isa = PBXVariantGroup;
			children = (
				C249CFC81B380B030055447A /* Base */,
			);
			name = LaunchScreen.xib;
			sourceTree = "<group>";
		};
/* End PBXVariantGroup section */

/* Begin XCBuildConfiguration section */
		C249CFD61B380B030055447A /* Debug */ = {
			isa = XCBuildConfiguration;
			buildSettings = {
				ALWAYS_SEARCH_USER_PATHS = NO;
				CLANG_CXX_LANGUAGE_STANDARD = "gnu++0x";
				CLANG_CXX_LIBRARY = "libc++";
				CLANG_ENABLE_MODULES = YES;
				CLANG_ENABLE_OBJC_ARC = YES;
				CLANG_WARN_BOOL_CONVERSION = YES;
				CLANG_WARN_CONSTANT_CONVERSION = YES;
				CLANG_WARN_DIRECT_OBJC_ISA_USAGE = YES_ERROR;
				CLANG_WARN_EMPTY_BODY = YES;
				CLANG_WARN_ENUM_CONVERSION = YES;
				CLANG_WARN_INT_CONVERSION = YES;
				CLANG_WARN_OBJC_ROOT_CLASS = YES_ERROR;
				CLANG_WARN_UNREACHABLE_CODE = YES;
				CLANG_WARN__DUPLICATE_METHOD_MATCH = YES;
				"CODE_SIGN_IDENTITY[sdk=iphoneos*]" = "iPhone Developer";
				COPY_PHASE_STRIP = NO;
				DEBUG_INFORMATION_FORMAT = "dwarf-with-dsym";
				ENABLE_STRICT_OBJC_MSGSEND = YES;
				GCC_C_LANGUAGE_STANDARD = gnu99;
				GCC_DYNAMIC_NO_PIC = NO;
				GCC_NO_COMMON_BLOCKS = YES;
				GCC_OPTIMIZATION_LEVEL = 0;
				GCC_PREPROCESSOR_DEFINITIONS = (
					"DEBUG=1",
					"$(inherited)",
				);
				GCC_SYMBOLS_PRIVATE_EXTERN = NO;
				GCC_WARN_64_TO_32_BIT_CONVERSION = YES;
				GCC_WARN_ABOUT_RETURN_TYPE = YES_ERROR;
				GCC_WARN_UNDECLARED_SELECTOR = YES;
				GCC_WARN_UNINITIALIZED_AUTOS = YES_AGGRESSIVE;
				GCC_WARN_UNUSED_FUNCTION = YES;
				GCC_WARN_UNUSED_VARIABLE = YES;
				IPHONEOS_DEPLOYMENT_TARGET = 8.3;
				MTL_ENABLE_DEBUG_INFO = YES;
				ONLY_ACTIVE_ARCH = YES;
				SDKROOT = iphoneos;
			};
			name = Debug;
		};
		C249CFD71B380B030055447A /* Release */ = {
			isa = XCBuildConfiguration;
			buildSettings = {
				ALWAYS_SEARCH_USER_PATHS = NO;
				CLANG_CXX_LANGUAGE_STANDARD = "gnu++0x";
				CLANG_CXX_LIBRARY = "libc++";
				CLANG_ENABLE_MODULES = YES;
				CLANG_ENABLE_OBJC_ARC = YES;
				CLANG_WARN_BOOL_CONVERSION = YES;
				CLANG_WARN_CONSTANT_CONVERSION = YES;
				CLANG_WARN_DIRECT_OBJC_ISA_USAGE = YES_ERROR;
				CLANG_WARN_EMPTY_BODY = YES;
				CLANG_WARN_ENUM_CONVERSION = YES;
				CLANG_WARN_INT_CONVERSION = YES;
				CLANG_WARN_OBJC_ROOT_CLASS = YES_ERROR;
				CLANG_WARN_UNREACHABLE_CODE = YES;
				CLANG_WARN__DUPLICATE_METHOD_MATCH = YES;
				"CODE_SIGN_IDENTITY[sdk=iphoneos*]" = "iPhone Developer";
				COPY_PHASE_STRIP = NO;
				DEBUG_INFORMATION_FORMAT = "dwarf-with-dsym";
				ENABLE_NS_ASSERTIONS = NO;
				ENABLE_STRICT_OBJC_MSGSEND = YES;
				GCC_C_LANGUAGE_STANDARD = gnu99;
				GCC_NO_COMMON_BLOCKS = YES;
				GCC_WARN_64_TO_32_BIT_CONVERSION = YES;
				GCC_WARN_ABOUT_RETURN_TYPE = YES_ERROR;
				GCC_WARN_UNDECLARED_SELECTOR = YES;
				GCC_WARN_UNINITIALIZED_AUTOS = YES_AGGRESSIVE;
				GCC_WARN_UNUSED_FUNCTION = YES;
				GCC_WARN_UNUSED_VARIABLE = YES;
				IPHONEOS_DEPLOYMENT_TARGET = 8.3;
				MTL_ENABLE_DEBUG_INFO = NO;
				SDKROOT = iphoneos;
				VALIDATE_PRODUCT = YES;
			};
			name = Release;
		};
		C249CFD91B380B030055447A /* Debug */ = {
			isa = XCBuildConfiguration;
			buildSettings = {
				ASSETCATALOG_COMPILER_APPICON_NAME = AppIcon;
				CODE_SIGN_IDENTITY = "iPhone Developer: Fei Yanliang (8P42DQR39K)";
				INFOPLIST_FILE = "WebView和网页的交互/Info.plist";
				LD_RUNPATH_SEARCH_PATHS = "$(inherited) @executable_path/Frameworks";
				PRODUCT_NAME = "$(TARGET_NAME)";
				PROVISIONING_PROFILE = "7a381dc0-ba59-42d4-ad73-eae2ccf9327e";
			};
			name = Debug;
		};
		C249CFDA1B380B030055447A /* Release */ = {
			isa = XCBuildConfiguration;
			buildSettings = {
				ASSETCATALOG_COMPILER_APPICON_NAME = AppIcon;
				CODE_SIGN_IDENTITY = "iPhone Developer: Fei Yanliang (8P42DQR39K)";
				INFOPLIST_FILE = "WebView和网页的交互/Info.plist";
				LD_RUNPATH_SEARCH_PATHS = "$(inherited) @executable_path/Frameworks";
				PRODUCT_NAME = "$(TARGET_NAME)";
				PROVISIONING_PROFILE = "7a381dc0-ba59-42d4-ad73-eae2ccf9327e";
			};
			name = Release;
		};
		C249CFDC1B380B030055447A /* Debug */ = {
			isa = XCBuildConfiguration;
			buildSettings = {
				BUNDLE_LOADER = "$(TEST_HOST)";
				FRAMEWORK_SEARCH_PATHS = (
					"$(SDKROOT)/Developer/Library/Frameworks",
					"$(inherited)",
				);
				GCC_PREPROCESSOR_DEFINITIONS = (
					"DEBUG=1",
					"$(inherited)",
				);
				INFOPLIST_FILE = "WebView和网页的交互Tests/Info.plist";
				LD_RUNPATH_SEARCH_PATHS = "$(inherited) @executable_path/Frameworks @loader_path/Frameworks";
				PRODUCT_NAME = "$(TARGET_NAME)";
				TEST_HOST = "$(BUILT_PRODUCTS_DIR)/WebView和网页的交互.app/WebView和网页的交互";
			};
			name = Debug;
		};
		C249CFDD1B380B030055447A /* Release */ = {
			isa = XCBuildConfiguration;
			buildSettings = {
				BUNDLE_LOADER = "$(TEST_HOST)";
				FRAMEWORK_SEARCH_PATHS = (
					"$(SDKROOT)/Developer/Library/Frameworks",
					"$(inherited)",
				);
				INFOPLIST_FILE = "WebView和网页的交互Tests/Info.plist";
				LD_RUNPATH_SEARCH_PATHS = "$(inherited) @executable_path/Frameworks @loader_path/Frameworks";
				PRODUCT_NAME = "$(TARGET_NAME)";
				TEST_HOST = "$(BUILT_PRODUCTS_DIR)/WebView和网页的交互.app/WebView和网页的交互";
			};
			name = Release;
		};
/* End XCBuildConfiguration section */

/* Begin XCConfigurationList section */
		C249CFB61B380B020055447A /* Build configuration list for PBXProject "WebView和网页的交互" */ = {
			isa = XCConfigurationList;
			buildConfigurations = (
				C249CFD61B380B030055447A /* Debug */,
				C249CFD71B380B030055447A /* Release */,
			);
			defaultConfigurationIsVisible = 0;
			defaultConfigurationName = Release;
		};
		C249CFD81B380B030055447A /* Build configuration list for PBXNativeTarget "WebView和网页的交互" */ = {
			isa = XCConfigurationList;
			buildConfigurations = (
				C249CFD91B380B030055447A /* Debug */,
				C249CFDA1B380B030055447A /* Release */,
			);
			defaultConfigurationIsVisible = 0;
			defaultConfigurationName = Release;
		};
		C249CFDB1B380B030055447A /* Build configuration list for PBXNativeTarget "WebView和网页的交互Tests" */ = {
			isa = XCConfigurationList;
			buildConfigurations = (
				C249CFDC1B380B030055447A /* Debug */,
				C249CFDD1B380B030055447A /* Release */,
			);
			defaultConfigurationIsVisible = 0;
			defaultConfigurationName = Release;
		};
/* End XCConfigurationList section */
	};
	rootObject = C249CFB31B380B020055447A /* Project object */;
}
